
Microsoft Visual Studio Solution File, Format Version 12.00
# Visual Studio Version 17
VisualStudioVersion = 17.0.32014.148
MinimumVisualStudioVersion = 10.0.40219.1
Project("{9A19103F-16F7-4668-BE54-9A1E7A4F7556}") = "UniversalServerManager", "UniversialServerManager\UniversalServerManager.csproj", "{506FA23D-705E-444E-984C-D3523DF85A94}"
EndProject
Project("{9A19103F-16F7-4668-BE54-9A1E7A4F7556}") = "USMLib", "USMLib\USMLib.csproj", "{4D995A75-8EEA-4D79-8867-4C43B93D6B05}"
EndProject
Global
	GlobalSection(SolutionConfigurationPlatforms) = preSolution
		Debug|Any CPU = Debug|Any CPU
		Release|Any CPU = Release|Any CPU
	EndGlobalSection
	GlobalSection(ProjectConfigurationPlatforms) = postSolution
		{506FA23D-705E-444E-984C-D3523DF85A94}.Debug|Any CPU.ActiveCfg = Debug|Any CPU
		{506FA23D-705E-444E-984C-D3523DF85A94}.Debug|Any CPU.Build.0 = Debug|Any CPU
		{506FA23D-705E-444E-984C-D3523DF85A94}.Release|Any CPU.ActiveCfg = Release|Any CPU
		{506FA23D-705E-444E-984C-D3523DF85A94}.Release|Any CPU.Build.0 = Release|Any CPU
		{4D995A75-8EEA-4D79-8867-4C43B93D6B05}.Debug|Any CPU.ActiveCfg = Debug|Any CPU
		{4D995A75-8EEA-4D79-8867-4C43B93D6B05}.Debug|Any CPU.Build.0 = Debug|Any CPU
		{4D995A75-8EEA-4D79-8867-4C43B93D6B05}.Release|Any CPU.ActiveCfg = Release|Any CPU
		{4D995A75-8EEA-4D79-8867-4C43B93D6B05}.Release|Any CPU.Build.0 = Release|Any CPU
	EndGlobalSection
	GlobalSection(SolutionProperties) = preSolution
		HideSolutionNode = FALSE
	EndGlobalSection
	GlobalSection(ExtensibilityGlobals) = postSolution
		SolutionGuid = {52A87A0E-5F39-46DB-B200-011B63933D73}
	EndGlobalSection
EndGlobal
